
Microsoft Visual Studio Solution File, Format Version 12.00
# Visual Studio Version 17
VisualStudioVersion = 17.2.32630.192
MinimumVisualStudioVersion = 10.0.40219.1
Project("{FAE04EC0-301F-11D3-BF4B-00C04F79EFBC}") = "Labo9A", "Labo9A.csproj", "{DDF34D20-3DB0-4C70-9812-658257D3D9DC}"
EndProject
Global
	GlobalSection(SolutionConfigurationPlatforms) = preSolution
		Debug|Any CPU = Debug|Any CPU
		Release|Any CPU = Release|Any CPU
	EndGlobalSection
	GlobalSection(ProjectConfigurationPlatforms) = postSolution
		{DDF34D20-3DB0-4C70-9812-658257D3D9DC}.Debug|Any CPU.ActiveCfg = Debug|Any CPU
		{DDF34D20-3DB0-4C70-9812-658257D3D9DC}.Debug|Any CPU.Build.0 = Debug|Any CPU
		{DDF34D20-3DB0-4C70-9812-658257D3D9DC}.Release|Any CPU.ActiveCfg = Release|Any CPU
		{DDF34D20-3DB0-4C70-9812-658257D3D9DC}.Release|Any CPU.Build.0 = Release|Any CPU
	EndGlobalSection
	GlobalSection(SolutionProperties) = preSolution
		HideSolutionNode = FALSE
	EndGlobalSection
	GlobalSection(ExtensibilityGlobals) = postSolution
		SolutionGuid = {9377A447-5D23-45CB-A66B-A9814AD6DD2D}
	EndGlobalSection
EndGlobal
